
Microsoft Visual Studio Solution File, Format Version 12.00
# Visual Studio Version 17
VisualStudioVersion = 17.0.32126.317
MinimumVisualStudioVersion = 10.0.40219.1
Project("{FAE04EC0-301F-11D3-BF4B-00C04F79EFBC}") = "CalculoDeTriangulo_Funcoes", "CalculoDeTriangulo_Funcoes.csproj", "{584EDFF3-ED34-4D92-9816-3F4EE9DCA586}"
EndProject
Global
	GlobalSection(SolutionConfigurationPlatforms) = preSolution
		Debug|Any CPU = Debug|Any CPU
		Release|Any CPU = Release|Any CPU
	EndGlobalSection
	GlobalSection(ProjectConfigurationPlatforms) = postSolution
		{584EDFF3-ED34-4D92-9816-3F4EE9DCA586}.Debug|Any CPU.ActiveCfg = Debug|Any CPU
		{584EDFF3-ED34-4D92-9816-3F4EE9DCA586}.Debug|Any CPU.Build.0 = Debug|Any CPU
		{584EDFF3-ED34-4D92-9816-3F4EE9DCA586}.Release|Any CPU.ActiveCfg = Release|Any CPU
		{584EDFF3-ED34-4D92-9816-3F4EE9DCA586}.Release|Any CPU.Build.0 = Release|Any CPU
	EndGlobalSection
	GlobalSection(SolutionProperties) = preSolution
		HideSolutionNode = FALSE
	EndGlobalSection
	GlobalSection(ExtensibilityGlobals) = postSolution
		SolutionGuid = {0F7B83D1-C36A-48EC-BA69-4867C8CCE10C}
	EndGlobalSection
EndGlobal
